
Microsoft Visual Studio Solution File, Format Version 12.00
# Visual Studio Version 17
VisualStudioVersion = 17.4.33213.308
MinimumVisualStudioVersion = 10.0.40219.1
Project("{2150E333-8FDC-42A3-9474-1A3956D46DE8}") = "Services", "Services", "{02F3D3FC-A909-4919-B2E6-198991BD971C}"
EndProject
Project("{9A19103F-16F7-4668-BE54-9A1E7A4F7556}") = "Caching", "Services\Caching\Caching.csproj", "{AB42DA37-395B-47D1-BDA7-3E27250C7C28}"
EndProject
Project("{2150E333-8FDC-42A3-9474-1A3956D46DE8}") = "Cache", "Cache", "{F88A0A93-B62A-478D-B1F0-F41CD732B0DD}"
EndProject
Project("{2150E333-8FDC-42A3-9474-1A3956D46DE8}") = "API", "API", "{EB23FF5E-D525-4BDE-AB3F-2587E42E13AD}"
EndProject
Project("{2150E333-8FDC-42A3-9474-1A3956D46DE8}") = "Shared", "Shared", "{C5740EE9-2F4E-4055-9065-F755839F14DF}"
EndProject
Project("{9A19103F-16F7-4668-BE54-9A1E7A4F7556}") = "BlogSite.API", "Services\API\BlogSite.API\BlogSite.API.csproj", "{5C05FC7D-8927-4177-8B02-3862D17DE3BF}"
EndProject
Project("{9A19103F-16F7-4668-BE54-9A1E7A4F7556}") = "BlogSite.Business", "Services\API\BlogSite.Business\BlogSite.Business.csproj", "{FBF09325-36E7-4554-9B8E-6039A3379D10}"
EndProject
Project("{9A19103F-16F7-4668-BE54-9A1E7A4F7556}") = "BlogSite.Core", "Services\API\BlogSite.Core\BlogSite.Core.csproj", "{D79ECCB7-348C-44F7-9ABE-79A6BEA23F8D}"
EndProject
Project("{9A19103F-16F7-4668-BE54-9A1E7A4F7556}") = "BlogSite.DataAccsess", "Services\API\BlogSite.DataAccsess\BlogSite.DataAccsess.csproj", "{C9C39311-7462-49E2-AE06-E0301DB20920}"
EndProject
Project("{9A19103F-16F7-4668-BE54-9A1E7A4F7556}") = "BlogSite.Entities", "Services\API\BlogSite.Entities\BlogSite.Entities.csproj", "{AEC99441-F331-4470-B4B4-B84933CE2AF0}"
EndProject
Project("{2150E333-8FDC-42A3-9474-1A3956D46DE8}") = "Messages", "Messages", "{763E06E4-C44A-4ADA-B71E-FD02448BC1C7}"
EndProject
Project("{9A19103F-16F7-4668-BE54-9A1E7A4F7556}") = "BlogSite.Messages", "Shared\Messages\BlogSite.Messages\BlogSite.Messages.csproj", "{160565FC-0B2B-4BDF-8866-8E3F87771A27}"
EndProject
Project("{2150E333-8FDC-42A3-9474-1A3956D46DE8}") = "Tests", "Tests", "{78A1E11A-DC6A-475F-A406-9508F0A04084}"
EndProject
Project("{9A19103F-16F7-4668-BE54-9A1E7A4F7556}") = "BlogSite.API.Test", "BlogSite.API.Test\BlogSite.API.Test.csproj", "{2E2B9069-6C68-40D3-974A-D9C17C737B69}"
EndProject
Project("{FAE04EC0-301F-11D3-BF4B-00C04F79EFBC}") = "BlogSite.Business.Test", "BlogSite.Business.Test\BlogSite.Business.Test.csproj", "{E62094D5-B9DB-4080-891A-0C1FAF2062A8}"
EndProject
Global
	GlobalSection(SolutionConfigurationPlatforms) = preSolution
		Debug|Any CPU = Debug|Any CPU
		Release|Any CPU = Release|Any CPU
	EndGlobalSection
	GlobalSection(ProjectConfigurationPlatforms) = postSolution
		{AB42DA37-395B-47D1-BDA7-3E27250C7C28}.Debug|Any CPU.ActiveCfg = Debug|Any CPU
		{AB42DA37-395B-47D1-BDA7-3E27250C7C28}.Debug|Any CPU.Build.0 = Debug|Any CPU
		{AB42DA37-395B-47D1-BDA7-3E27250C7C28}.Release|Any CPU.ActiveCfg = Release|Any CPU
		{AB42DA37-395B-47D1-BDA7-3E27250C7C28}.Release|Any CPU.Build.0 = Release|Any CPU
		{5C05FC7D-8927-4177-8B02-3862D17DE3BF}.Debug|Any CPU.ActiveCfg = Debug|Any CPU
		{5C05FC7D-8927-4177-8B02-3862D17DE3BF}.Debug|Any CPU.Build.0 = Debug|Any CPU
		{5C05FC7D-8927-4177-8B02-3862D17DE3BF}.Release|Any CPU.ActiveCfg = Release|Any CPU
		{5C05FC7D-8927-4177-8B02-3862D17DE3BF}.Release|Any CPU.Build.0 = Release|Any CPU
		{FBF09325-36E7-4554-9B8E-6039A3379D10}.Debug|Any CPU.ActiveCfg = Debug|Any CPU
		{FBF09325-36E7-4554-9B8E-6039A3379D10}.Debug|Any CPU.Build.0 = Debug|Any CPU
		{FBF09325-36E7-4554-9B8E-6039A3379D10}.Release|Any CPU.ActiveCfg = Release|Any CPU
		{FBF09325-36E7-4554-9B8E-6039A3379D10}.Release|Any CPU.Build.0 = Release|Any CPU
		{D79ECCB7-348C-44F7-9ABE-79A6BEA23F8D}.Debug|Any CPU.ActiveCfg = Debug|Any CPU
		{D79ECCB7-348C-44F7-9ABE-79A6BEA23F8D}.Debug|Any CPU.Build.0 = Debug|Any CPU
		{D79ECCB7-348C-44F7-9ABE-79A6BEA23F8D}.Release|Any CPU.ActiveCfg = Release|Any CPU
		{D79ECCB7-348C-44F7-9ABE-79A6BEA23F8D}.Release|Any CPU.Build.0 = Release|Any CPU
		{C9C39311-7462-49E2-AE06-E0301DB20920}.Debug|Any CPU.ActiveCfg = Debug|Any CPU
		{C9C39311-7462-49E2-AE06-E0301DB20920}.Debug|Any CPU.Build.0 = Debug|Any CPU
		{C9C39311-7462-49E2-AE06-E0301DB20920}.Release|Any CPU.ActiveCfg = Release|Any CPU
		{C9C39311-7462-49E2-AE06-E0301DB20920}.Release|Any CPU.Build.0 = Release|Any CPU
		{AEC99441-F331-4470-B4B4-B84933CE2AF0}.Debug|Any CPU.ActiveCfg = Debug|Any CPU
		{AEC99441-F331-4470-B4B4-B84933CE2AF0}.Debug|Any CPU.Build.0 = Debug|Any CPU
		{AEC99441-F331-4470-B4B4-B84933CE2AF0}.Release|Any CPU.ActiveCfg = Release|Any CPU
		{AEC99441-F331-4470-B4B4-B84933CE2AF0}.Release|Any CPU.Build.0 = Release|Any CPU
		{160565FC-0B2B-4BDF-8866-8E3F87771A27}.Debug|Any CPU.ActiveCfg = Debug|Any CPU
		{160565FC-0B2B-4BDF-8866-8E3F87771A27}.Debug|Any CPU.Build.0 = Debug|Any CPU
		{160565FC-0B2B-4BDF-8866-8E3F87771A27}.Release|Any CPU.ActiveCfg = Release|Any CPU
		{160565FC-0B2B-4BDF-8866-8E3F87771A27}.Release|Any CPU.Build.0 = Release|Any CPU
		{2E2B9069-6C68-40D3-974A-D9C17C737B69}.Debug|Any CPU.ActiveCfg = Debug|Any CPU
		{2E2B9069-6C68-40D3-974A-D9C17C737B69}.Debug|Any CPU.Build.0 = Debug|Any CPU
		{2E2B9069-6C68-40D3-974A-D9C17C737B69}.Release|Any CPU.ActiveCfg = Release|Any CPU
		{2E2B9069-6C68-40D3-974A-D9C17C737B69}.Release|Any CPU.Build.0 = Release|Any CPU
		{E62094D5-B9DB-4080-891A-0C1FAF2062A8}.Debug|Any CPU.ActiveCfg = Debug|Any CPU
		{E62094D5-B9DB-4080-891A-0C1FAF2062A8}.Debug|Any CPU.Build.0 = Debug|Any CPU
		{E62094D5-B9DB-4080-891A-0C1FAF2062A8}.Release|Any CPU.ActiveCfg = Release|Any CPU
		{E62094D5-B9DB-4080-891A-0C1FAF2062A8}.Release|Any CPU.Build.0 = Release|Any CPU
	EndGlobalSection
	GlobalSection(SolutionProperties) = preSolution
		HideSolutionNode = FALSE
	EndGlobalSection
	GlobalSection(NestedProjects) = preSolution
		{AB42DA37-395B-47D1-BDA7-3E27250C7C28} = {F88A0A93-B62A-478D-B1F0-F41CD732B0DD}
		{F88A0A93-B62A-478D-B1F0-F41CD732B0DD} = {02F3D3FC-A909-4919-B2E6-198991BD971C}
		{EB23FF5E-D525-4BDE-AB3F-2587E42E13AD} = {02F3D3FC-A909-4919-B2E6-198991BD971C}
		{5C05FC7D-8927-4177-8B02-3862D17DE3BF} = {EB23FF5E-D525-4BDE-AB3F-2587E42E13AD}
		{FBF09325-36E7-4554-9B8E-6039A3379D10} = {EB23FF5E-D525-4BDE-AB3F-2587E42E13AD}
		{D79ECCB7-348C-44F7-9ABE-79A6BEA23F8D} = {EB23FF5E-D525-4BDE-AB3F-2587E42E13AD}
		{C9C39311-7462-49E2-AE06-E0301DB20920} = {EB23FF5E-D525-4BDE-AB3F-2587E42E13AD}
		{AEC99441-F331-4470-B4B4-B84933CE2AF0} = {EB23FF5E-D525-4BDE-AB3F-2587E42E13AD}
		{763E06E4-C44A-4ADA-B71E-FD02448BC1C7} = {C5740EE9-2F4E-4055-9065-F755839F14DF}
		{160565FC-0B2B-4BDF-8866-8E3F87771A27} = {763E06E4-C44A-4ADA-B71E-FD02448BC1C7}
		{2E2B9069-6C68-40D3-974A-D9C17C737B69} = {78A1E11A-DC6A-475F-A406-9508F0A04084}
		{E62094D5-B9DB-4080-891A-0C1FAF2062A8} = {78A1E11A-DC6A-475F-A406-9508F0A04084}
	EndGlobalSection
	GlobalSection(ExtensibilityGlobals) = postSolution
		SolutionGuid = {1725C9AB-4097-4364-B423-CF83E6B0CD5C}
	EndGlobalSection
EndGlobal
