
Microsoft Visual Studio Solution File, Format Version 12.00
# Visual Studio Version 17
VisualStudioVersion = 17.4.33213.308
MinimumVisualStudioVersion = 10.0.40219.1
Project("{9A19103F-16F7-4668-BE54-9A1E7A4F7556}") = "BlogSite.API", "BlogSite.API\BlogSite.API.csproj", "{B6AB35D4-E8B7-40A5-8449-6A6F4F1FB787}"
EndProject
Project("{9A19103F-16F7-4668-BE54-9A1E7A4F7556}") = "BlogSite.Business", "BlogSite.Business\BlogSite.Business.csproj", "{35A8EDCA-76FD-4821-830A-2C17EDCB736E}"
EndProject
Project("{9A19103F-16F7-4668-BE54-9A1E7A4F7556}") = "BlogSite.Entities", "BlogSite.Entities\BlogSite.Entities.csproj", "{A43E601D-5379-4592-8684-656AF11DBB44}"
EndProject
Project("{9A19103F-16F7-4668-BE54-9A1E7A4F7556}") = "BlogSite.DataAccess", "BlogSite.DataAccsess\BlogSite.DataAccess.csproj", "{74BF78A9-897D-407F-BF55-BD9767D61532}"
EndProject
Project("{9A19103F-16F7-4668-BE54-9A1E7A4F7556}") = "BlogSite.Core", "BlogSite.Core\BlogSite.Core.csproj", "{06E2C96F-6EEF-4BD3-9357-70E5C87304D3}"
EndProject
Global
	GlobalSection(SolutionConfigurationPlatforms) = preSolution
		Debug|Any CPU = Debug|Any CPU
		Release|Any CPU = Release|Any CPU
	EndGlobalSection
	GlobalSection(ProjectConfigurationPlatforms) = postSolution
		{B6AB35D4-E8B7-40A5-8449-6A6F4F1FB787}.Debug|Any CPU.ActiveCfg = Debug|Any CPU
		{B6AB35D4-E8B7-40A5-8449-6A6F4F1FB787}.Debug|Any CPU.Build.0 = Debug|Any CPU
		{B6AB35D4-E8B7-40A5-8449-6A6F4F1FB787}.Release|Any CPU.ActiveCfg = Release|Any CPU
		{B6AB35D4-E8B7-40A5-8449-6A6F4F1FB787}.Release|Any CPU.Build.0 = Release|Any CPU
		{35A8EDCA-76FD-4821-830A-2C17EDCB736E}.Debug|Any CPU.ActiveCfg = Debug|Any CPU
		{35A8EDCA-76FD-4821-830A-2C17EDCB736E}.Debug|Any CPU.Build.0 = Debug|Any CPU
		{35A8EDCA-76FD-4821-830A-2C17EDCB736E}.Release|Any CPU.ActiveCfg = Release|Any CPU
		{35A8EDCA-76FD-4821-830A-2C17EDCB736E}.Release|Any CPU.Build.0 = Release|Any CPU
		{A43E601D-5379-4592-8684-656AF11DBB44}.Debug|Any CPU.ActiveCfg = Debug|Any CPU
		{A43E601D-5379-4592-8684-656AF11DBB44}.Debug|Any CPU.Build.0 = Debug|Any CPU
		{A43E601D-5379-4592-8684-656AF11DBB44}.Release|Any CPU.ActiveCfg = Release|Any CPU
		{A43E601D-5379-4592-8684-656AF11DBB44}.Release|Any CPU.Build.0 = Release|Any CPU
		{74BF78A9-897D-407F-BF55-BD9767D61532}.Debug|Any CPU.ActiveCfg = Debug|Any CPU
		{74BF78A9-897D-407F-BF55-BD9767D61532}.Debug|Any CPU.Build.0 = Debug|Any CPU
		{74BF78A9-897D-407F-BF55-BD9767D61532}.Release|Any CPU.ActiveCfg = Release|Any CPU
		{74BF78A9-897D-407F-BF55-BD9767D61532}.Release|Any CPU.Build.0 = Release|Any CPU
		{06E2C96F-6EEF-4BD3-9357-70E5C87304D3}.Debug|Any CPU.ActiveCfg = Debug|Any CPU
		{06E2C96F-6EEF-4BD3-9357-70E5C87304D3}.Debug|Any CPU.Build.0 = Debug|Any CPU
		{06E2C96F-6EEF-4BD3-9357-70E5C87304D3}.Release|Any CPU.ActiveCfg = Release|Any CPU
		{06E2C96F-6EEF-4BD3-9357-70E5C87304D3}.Release|Any CPU.Build.0 = Release|Any CPU
	EndGlobalSection
	GlobalSection(SolutionProperties) = preSolution
		HideSolutionNode = FALSE
	EndGlobalSection
	GlobalSection(ExtensibilityGlobals) = postSolution
		SolutionGuid = {1725C9AB-4097-4364-B423-CF83E6B0CD5C}
	EndGlobalSection
EndGlobal
